{
    "_readme": [
        "This file locks the dependencies of your project to a known state",
        "Read more about it at https://getcomposer.org/doc/01-basic-usage.md#installing-dependencies",
        "This file is @generated automatically"
    ],
    "content-hash": "a58dc7a575dff8f0cda8f4ed96e31133",
    "packages": [
        {
            "name": "linecorp/line-bot-sdk",
            "version": "3.0.0",
            "source": {
                "type": "git",
                "url": "https://github.com/line/line-bot-sdk-php.git",
                "reference": "fd137644bef8155cdf903f670c2bcb3b66d18661"
            },
            "dist": {
                "type": "zip",
                "url": "https://api.github.com/repos/line/line-bot-sdk-php/zipball/fd137644bef8155cdf903f670c2bcb3b66d18661",
                "reference": "fd137644bef8155cdf903f670c2bcb3b66d18661",
                "shasum": ""
            },
            "require": {
                "php": ">=5.5"
            },
            "require-dev": {
                "indigophp/hash-compat": "~1.1.0",
                "phpmd/phpmd": "~2.4",
                "phpunit/phpunit": "^4.8.24||^5||^6",
                "squizlabs/php_codesniffer": "~2.6||^3",
                "symfony/config": "^3.3",
                "symfony/dependency-injection": "^3.3"
            },
            "suggest": {
                "apigen/apigen": "Install with roave/better-reflection:dev-master to generate docs",
                "roave/better-reflection": "Required by apigen/apigen:dev-master"
            },
            "type": "library",
            "autoload": {
                "psr-4": {
                    "LINE\\": "src/"
                }
            },
            "notification-url": "https://packagist.org/downloads/",
            "license": [
                "Apache License Version 2.0"
            ],
            "authors": [
                {
                    "name": "moznion",
                    "email": "moznion@gmail.com"
                },
                {
                    "name": "Satoru Yoshihara",
                    "email": "vaduz0@gmail.com"
                }
            ],
            "description": "SDK of the LINE BOT API for PHP",
            "homepage": "https://github.com/line/line-bot-sdk-php",
            "keywords": [
                "bot",
                "line",
                "sdk"
            ],
            "time": "2018-06-29T04:25:43+00:00"
        }
    ],
    "packages-dev": [],
    "aliases": [],
    "minimum-stability": "stable",
    "stability-flags": [],
    "prefer-stable": false,
    "prefer-lowest": false,
    "platform": [],
    "platform-dev": []
}
